{
  "version": 4,
  "terraform_version": "1.13.1",
  "serial": 16,
  "lineage": "e9daf702-9af3-3f2f-348b-07ef01a115b2",
  "outputs": {
    "api_gateway_url": {
      "value": "https://1oabp7qkqa.execute-api.us-east-1.amazonaws.com/prod",
      "type": "string"
    },
    "email_tracking_table_name": {
      "value": "bogle-waitlist-prod-email-tracking",
      "type": "string"
    },
    "lambda_function_name": {
      "value": "bogle-waitlist-prod-waitlist-handler",
      "type": "string"
    },
    "waitlist_table_name": {
      "value": "bogle-waitlist-prod-waitlist",
      "type": "string"
    }
  },
  "resources": [
    {
      "mode": "data",
      "type": "archive_file",
      "name": "lambda_zip",
      "provider": "provider[\"registry.terraform.io/hashicorp/archive\"]",
      "instances": [
        {
          "schema_version": 0,
          "attributes": {
            "exclude_symlink_directories": null,
            "excludes": null,
            "id": "b3a0a02044b297a6382b71b5050b58f9718568d4",
            "output_base64sha256": "NaJ8Zu5h0/LgGxeBcV+zioOU6UTr8TQwbDIirirzRT0=",
            "output_base64sha512": "mGiu5vz0eENL3GhjMgJJo9ymJTkwR4hC/BVT9yIeQJd795NLu28IUZik9kMOC+SQWdiaJgdTgiqkaIgW16555A==",
            "output_file_mode": null,
            "output_md5": "3d3bff0e18ef513004a603b69c0a9dc7",
            "output_path": "./lambda-deployment.zip",
            "output_sha": "b3a0a02044b297a6382b71b5050b58f9718568d4",
            "output_sha256": "35a27c66ee61d3f2e01b1781715fb38a8394e944ebf134306c3222ae2af3453d",
            "output_sha512": "9868aee6fcf478434bdc6863320249a3dca6253930478842fc1553f7221e40977bf7934bbb6f085198a4f6430e0be49059d89a260753822aa4688816d7ae79e4",
            "output_size": 3470327,
            "source": [],
            "source_content": null,
            "source_content_filename": null,
            "source_dir": "./lambda",
            "source_file": null,
            "type": "zip"
          },
          "sensitive_attributes": [],
          "identity_schema_version": 0
        }
      ]
    },
    {
      "mode": "data",
      "type": "aws_caller_identity",
      "name": "current",
      "provider": "provider[\"registry.terraform.io/hashicorp/aws\"]",
      "instances": [
        {
          "schema_version": 0,
          "attributes": {
            "account_id": "203827298368",
            "arn": "arn:aws:iam::203827298368:user/bogle-payment-portal-deploy",
            "id": "203827298368",
            "user_id": "AIDAS65INYBANZXY33RPC"
          },
          "sensitive_attributes": [],
          "identity_schema_version": 0
        }
      ]
    },
    {
      "mode": "data",
      "type": "aws_region",
      "name": "current",
      "provider": "provider[\"registry.terraform.io/hashicorp/aws\"]",
      "instances": [
        {
          "schema_version": 0,
          "attributes": {
            "description": "US East (N. Virginia)",
            "endpoint": "ec2.us-east-1.amazonaws.com",
            "id": "us-east-1",
            "name": "us-east-1"
          },
          "sensitive_attributes": [],
          "identity_schema_version": 0
        }
      ]
    },
    {
      "mode": "managed",
      "type": "aws_api_gateway_method",
      "name": "health_get",
      "provider": "provider[\"registry.terraform.io/hashicorp/aws\"]",
      "instances": [
        {
          "schema_version": 0,
          "attributes": {
            "api_key_required": false,
            "authorization": "NONE",
            "authorization_scopes": null,
            "authorizer_id": null,
            "http_method": "GET",
            "id": "agm-1oabp7qkqa-4h7gqf-GET",
            "operation_name": null,
            "request_models": null,
            "request_parameters": null,
            "request_validator_id": null,
            "resource_id": "4h7gqf",
            "rest_api_id": "1oabp7qkqa"
          },
          "sensitive_attributes": [],
          "identity_schema_version": 0,
          "private": "bnVsbA==",
          "dependencies": [
            "aws_api_gateway_resource.health_resource",
            "aws_api_gateway_rest_api.waitlist_api"
          ],
          "create_before_destroy": true
        }
      ]
    },
    {
      "mode": "managed",
      "type": "aws_api_gateway_method",
      "name": "waitlist_options",
      "provider": "provider[\"registry.terraform.io/hashicorp/aws\"]",
      "instances": [
        {
          "schema_version": 0,
          "attributes": {
            "api_key_required": false,
            "authorization": "NONE",
            "authorization_scopes": null,
            "authorizer_id": null,
            "http_method": "OPTIONS",
            "id": "agm-1oabp7qkqa-4xtqw2-OPTIONS",
            "operation_name": null,
            "request_models": null,
            "request_parameters": null,
            "request_validator_id": null,
            "resource_id": "4xtqw2",
            "rest_api_id": "1oabp7qkqa"
          },
          "sensitive_attributes": [],
          "identity_schema_version": 0,
          "private": "bnVsbA==",
          "dependencies": [
            "aws_api_gateway_resource.waitlist_resource",
            "aws_api_gateway_rest_api.waitlist_api"
          ],
          "create_before_destroy": true
        }
      ]
    },
    {
      "mode": "managed",
      "type": "aws_api_gateway_method",
      "name": "waitlist_post",
      "provider": "provider[\"registry.terraform.io/hashicorp/aws\"]",
      "instances": [
        {
          "schema_version": 0,
          "attributes": {
            "api_key_required": false,
            "authorization": "NONE",
            "authorization_scopes": null,
            "authorizer_id": null,
            "http_method": "POST",
            "id": "agm-1oabp7qkqa-4xtqw2-POST",
            "operation_name": null,
            "request_models": null,
            "request_parameters": null,
            "request_validator_id": null,
            "resource_id": "4xtqw2",
            "rest_api_id": "1oabp7qkqa"
          },
          "sensitive_attributes": [],
          "identity_schema_version": 0,
          "private": "bnVsbA==",
          "dependencies": [
            "aws_api_gateway_resource.waitlist_resource",
            "aws_api_gateway_rest_api.waitlist_api"
          ],
          "create_before_destroy": true
        }
      ]
    },
    {
      "mode": "managed",
      "type": "aws_api_gateway_method",
      "name": "waitlist_stats_get",
      "provider": "provider[\"registry.terraform.io/hashicorp/aws\"]",
      "instances": [
        {
          "schema_version": 0,
          "attributes": {
            "api_key_required": false,
            "authorization": "NONE",
            "authorization_scopes": null,
            "authorizer_id": null,
            "http_method": "GET",
            "id": "agm-1oabp7qkqa-zvue19-GET",
            "operation_name": null,
            "request_models": null,
            "request_parameters": null,
            "request_validator_id": null,
            "resource_id": "zvue19",
            "rest_api_id": "1oabp7qkqa"
          },
          "sensitive_attributes": [],
          "identity_schema_version": 0,
          "private": "bnVsbA==",
          "dependencies": [
            "aws_api_gateway_resource.waitlist_resource",
            "aws_api_gateway_resource.waitlist_stats_resource",
            "aws_api_gateway_rest_api.waitlist_api"
          ],
          "create_before_destroy": true
        }
      ]
    },
    {
      "mode": "managed",
      "type": "aws_api_gateway_resource",
      "name": "health_resource",
      "provider": "provider[\"registry.terraform.io/hashicorp/aws\"]",
      "instances": [
        {
          "schema_version": 0,
          "attributes": {
            "id": "4h7gqf",
            "parent_id": "6jkupn64m5",
            "path": "/health",
            "path_part": "health",
            "rest_api_id": "1oabp7qkqa"
          },
          "sensitive_attributes": [],
          "identity_schema_version": 0,
          "private": "bnVsbA==",
          "dependencies": [
            "aws_api_gateway_rest_api.waitlist_api"
          ],
          "create_before_destroy": true
        }
      ]
    },
    {
      "mode": "managed",
      "type": "aws_api_gateway_resource",
      "name": "waitlist_resource",
      "provider": "provider[\"registry.terraform.io/hashicorp/aws\"]",
      "instances": [
        {
          "schema_version": 0,
          "attributes": {
            "id": "4xtqw2",
            "parent_id": "6jkupn64m5",
            "path": "/waitlist",
            "path_part": "waitlist",
            "rest_api_id": "1oabp7qkqa"
          },
          "sensitive_attributes": [],
          "identity_schema_version": 0,
          "private": "bnVsbA==",
          "dependencies": [
            "aws_api_gateway_rest_api.waitlist_api"
          ],
          "create_before_destroy": true
        }
      ]
    },
    {
      "mode": "managed",
      "type": "aws_api_gateway_resource",
      "name": "waitlist_stats_resource",
      "provider": "provider[\"registry.terraform.io/hashicorp/aws\"]",
      "instances": [
        {
          "schema_version": 0,
          "attributes": {
            "id": "zvue19",
            "parent_id": "4xtqw2",
            "path": "/waitlist/stats",
            "path_part": "stats",
            "rest_api_id": "1oabp7qkqa"
          },
          "sensitive_attributes": [],
          "identity_schema_version": 0,
          "private": "bnVsbA==",
          "dependencies": [
            "aws_api_gateway_resource.waitlist_resource",
            "aws_api_gateway_rest_api.waitlist_api"
          ],
          "create_before_destroy": true
        }
      ]
    },
    {
      "mode": "managed",
      "type": "aws_api_gateway_rest_api",
      "name": "waitlist_api",
      "provider": "provider[\"registry.terraform.io/hashicorp/aws\"]",
      "instances": [
        {
          "schema_version": 0,
          "attributes": {
            "api_key_source": "HEADER",
            "arn": "arn:aws:apigateway:us-east-1::/restapis/1oabp7qkqa",
            "binary_media_types": [],
            "body": null,
            "created_date": "2025-09-11T01:16:43Z",
            "description": "API for Bogle Pay waitlist",
            "disable_execute_api_endpoint": false,
            "endpoint_configuration": [
              {
                "ip_address_type": "ipv4",
                "types": [
                  "REGIONAL"
                ],
                "vpc_endpoint_ids": []
              }
            ],
            "execution_arn": "arn:aws:execute-api:us-east-1:203827298368:1oabp7qkqa",
            "fail_on_warnings": null,
            "id": "1oabp7qkqa",
            "minimum_compression_size": "",
            "name": "bogle-waitlist-prod-api",
            "parameters": null,
            "policy": "",
            "put_rest_api_mode": null,
            "root_resource_id": "6jkupn64m5",
            "tags": {
              "Environment": "prod",
              "Name": "bogle-waitlist-prod-api",
              "Project": "bogle-waitlist"
            },
            "tags_all": {
              "Environment": "prod",
              "Name": "bogle-waitlist-prod-api",
              "Project": "bogle-waitlist"
            }
          },
          "sensitive_attributes": [],
          "identity_schema_version": 0,
          "private": "bnVsbA==",
          "create_before_destroy": true
        }
      ]
    },
    {
      "mode": "managed",
      "type": "aws_dynamodb_table",
      "name": "email_tracking",
      "provider": "provider[\"registry.terraform.io/hashicorp/aws\"]",
      "instances": [
        {
          "schema_version": 1,
          "attributes": {
            "arn": "arn:aws:dynamodb:us-east-1:203827298368:table/bogle-waitlist-prod-email-tracking",
            "attribute": [
              {
                "name": "email",
                "type": "S"
              },
              {
                "name": "timestamp",
                "type": "S"
              }
            ],
            "billing_mode": "PAY_PER_REQUEST",
            "deletion_protection_enabled": false,
            "global_secondary_index": [],
            "hash_key": "email",
            "id": "bogle-waitlist-prod-email-tracking",
            "import_table": [],
            "local_secondary_index": [],
            "name": "bogle-waitlist-prod-email-tracking",
            "on_demand_throughput": [],
            "point_in_time_recovery": [
              {
                "enabled": false,
                "recovery_period_in_days": 0
              }
            ],
            "range_key": "timestamp",
            "read_capacity": 0,
            "replica": [],
            "restore_date_time": null,
            "restore_source_name": null,
            "restore_source_table_arn": null,
            "restore_to_latest_time": null,
            "server_side_encryption": [],
            "stream_arn": "",
            "stream_enabled": false,
            "stream_label": "",
            "stream_view_type": "",
            "table_class": "STANDARD",
            "tags": {
              "Environment": "prod",
              "Name": "bogle-waitlist-prod-email-tracking",
              "Project": "bogle-waitlist"
            },
            "tags_all": {
              "Environment": "prod",
              "Name": "bogle-waitlist-prod-email-tracking",
              "Project": "bogle-waitlist"
            },
            "timeouts": null,
            "ttl": [
              {
                "attribute_name": "",
                "enabled": false
              }
            ],
            "write_capacity": 0
          },
          "sensitive_attributes": [],
          "identity_schema_version": 0,
          "private": "eyJlMmJmYjczMC1lY2FhLTExZTYtOGY4OC0zNDM2M2JjN2M0YzAiOnsiY3JlYXRlIjoxODAwMDAwMDAwMDAwLCJkZWxldGUiOjYwMDAwMDAwMDAwMCwidXBkYXRlIjozNjAwMDAwMDAwMDAwfSwic2NoZW1hX3ZlcnNpb24iOiIxIn0=",
          "create_before_destroy": true
        }
      ]
    },
    {
      "mode": "managed",
      "type": "aws_dynamodb_table",
      "name": "waitlist",
      "provider": "provider[\"registry.terraform.io/hashicorp/aws\"]",
      "instances": [
        {
          "schema_version": 1,
          "attributes": {
            "arn": "arn:aws:dynamodb:us-east-1:203827298368:table/bogle-waitlist-prod-waitlist",
            "attribute": [
              {
                "name": "email",
                "type": "S"
              },
              {
                "name": "timestamp",
                "type": "S"
              }
            ],
            "billing_mode": "PAY_PER_REQUEST",
            "deletion_protection_enabled": false,
            "global_secondary_index": [
              {
                "hash_key": "timestamp",
                "name": "timestamp-index",
                "non_key_attributes": [],
                "on_demand_throughput": [],
                "projection_type": "ALL",
                "range_key": "",
                "read_capacity": 0,
                "write_capacity": 0
              }
            ],
            "hash_key": "email",
            "id": "bogle-waitlist-prod-waitlist",
            "import_table": [],
            "local_secondary_index": [],
            "name": "bogle-waitlist-prod-waitlist",
            "on_demand_throughput": [],
            "point_in_time_recovery": [
              {
                "enabled": false,
                "recovery_period_in_days": 0
              }
            ],
            "range_key": null,
            "read_capacity": 0,
            "replica": [],
            "restore_date_time": null,
            "restore_source_name": null,
            "restore_source_table_arn": null,
            "restore_to_latest_time": null,
            "server_side_encryption": [],
            "stream_arn": "",
            "stream_enabled": false,
            "stream_label": "",
            "stream_view_type": "",
            "table_class": "STANDARD",
            "tags": {
              "Environment": "prod",
              "Name": "bogle-waitlist-prod-waitlist",
              "Project": "bogle-waitlist"
            },
            "tags_all": {
              "Environment": "prod",
              "Name": "bogle-waitlist-prod-waitlist",
              "Project": "bogle-waitlist"
            },
            "timeouts": null,
            "ttl": [
              {
                "attribute_name": "",
                "enabled": false
              }
            ],
            "write_capacity": 0
          },
          "sensitive_attributes": [],
          "identity_schema_version": 0,
          "private": "eyJlMmJmYjczMC1lY2FhLTExZTYtOGY4OC0zNDM2M2JjN2M0YzAiOnsiY3JlYXRlIjoxODAwMDAwMDAwMDAwLCJkZWxldGUiOjYwMDAwMDAwMDAwMCwidXBkYXRlIjozNjAwMDAwMDAwMDAwfSwic2NoZW1hX3ZlcnNpb24iOiIxIn0=",
          "create_before_destroy": true
        }
      ]
    },
    {
      "mode": "managed",
      "type": "aws_iam_role",
      "name": "lambda_role",
      "provider": "provider[\"registry.terraform.io/hashicorp/aws\"]",
      "instances": [
        {
          "schema_version": 0,
          "attributes": {
            "arn": "arn:aws:iam::203827298368:role/bogle-waitlist-prod-lambda-role",
            "assume_role_policy": "{\"Statement\":[{\"Action\":\"sts:AssumeRole\",\"Effect\":\"Allow\",\"Principal\":{\"Service\":\"lambda.amazonaws.com\"}}],\"Version\":\"2012-10-17\"}",
            "create_date": "2025-09-11T01:16:43Z",
            "description": "",
            "force_detach_policies": false,
            "id": "bogle-waitlist-prod-lambda-role",
            "inline_policy": [],
            "managed_policy_arns": [],
            "max_session_duration": 3600,
            "name": "bogle-waitlist-prod-lambda-role",
            "name_prefix": "",
            "path": "/",
            "permissions_boundary": "",
            "tags": {
              "Environment": "prod",
              "Name": "bogle-waitlist-prod-lambda-role",
              "Project": "bogle-waitlist"
            },
            "tags_all": {
              "Environment": "prod",
              "Name": "bogle-waitlist-prod-lambda-role",
              "Project": "bogle-waitlist"
            },
            "unique_id": "AROAS65INYBAEHWR5ELZ2"
          },
          "sensitive_attributes": [],
          "identity_schema_version": 0,
          "private": "bnVsbA==",
          "create_before_destroy": true
        }
      ]
    },
    {
      "mode": "managed",
      "type": "aws_iam_role_policy",
      "name": "lambda_dynamodb_policy",
      "provider": "provider[\"registry.terraform.io/hashicorp/aws\"]",
      "instances": [
        {
          "schema_version": 0,
          "attributes": {
            "id": "bogle-waitlist-prod-lambda-role:bogle-waitlist-prod-lambda-dynamodb-policy",
            "name": "bogle-waitlist-prod-lambda-dynamodb-policy",
            "name_prefix": "",
            "policy": "{\"Version\":\"2012-10-17\",\"Statement\":[{\"Action\":[\"dynamodb:GetItem\",\"dynamodb:PutItem\",\"dynamodb:Query\",\"dynamodb:Scan\",\"dynamodb:UpdateItem\",\"dynamodb:DeleteItem\"],\"Effect\":\"Allow\",\"Resource\":[\"arn:aws:dynamodb:us-east-1:203827298368:table/bogle-waitlist-prod-waitlist\",\"arn:aws:dynamodb:us-east-1:203827298368:table/bogle-waitlist-prod-waitlist/*\",\"arn:aws:dynamodb:us-east-1:203827298368:table/bogle-waitlist-prod-email-tracking\",\"arn:aws:dynamodb:us-east-1:203827298368:table/bogle-waitlist-prod-email-tracking/*\"]}]}",
            "role": "bogle-waitlist-prod-lambda-role"
          },
          "sensitive_attributes": [],
          "identity_schema_version": 0,
          "private": "bnVsbA==",
          "dependencies": [
            "aws_dynamodb_table.email_tracking",
            "aws_dynamodb_table.waitlist",
            "aws_iam_role.lambda_role"
          ]
        }
      ]
    },
    {
      "mode": "managed",
      "type": "aws_iam_role_policy",
      "name": "lambda_ses_policy",
      "provider": "provider[\"registry.terraform.io/hashicorp/aws\"]",
      "instances": [
        {
          "schema_version": 0,
          "attributes": {
            "id": "bogle-waitlist-prod-lambda-role:bogle-waitlist-prod-lambda-ses-policy",
            "name": "bogle-waitlist-prod-lambda-ses-policy",
            "name_prefix": "",
            "policy": "{\"Version\":\"2012-10-17\",\"Statement\":[{\"Action\":[\"ses:SendEmail\",\"ses:SendRawEmail\"],\"Effect\":\"Allow\",\"Resource\":\"*\"}]}",
            "role": "bogle-waitlist-prod-lambda-role"
          },
          "sensitive_attributes": [],
          "identity_schema_version": 0,
          "private": "bnVsbA==",
          "dependencies": [
            "aws_iam_role.lambda_role"
          ]
        }
      ]
    },
    {
      "mode": "managed",
      "type": "aws_iam_role_policy_attachment",
      "name": "lambda_basic_execution",
      "provider": "provider[\"registry.terraform.io/hashicorp/aws\"]",
      "instances": [
        {
          "schema_version": 0,
          "attributes": {
            "id": "bogle-waitlist-prod-lambda-role-20250911011643560100000001",
            "policy_arn": "arn:aws:iam::aws:policy/service-role/AWSLambdaBasicExecutionRole",
            "role": "bogle-waitlist-prod-lambda-role"
          },
          "sensitive_attributes": [],
          "identity_schema_version": 0,
          "private": "bnVsbA==",
          "dependencies": [
            "aws_iam_role.lambda_role"
          ]
        }
      ]
    }
  ],
  "check_results": null
}
